
Microsoft Visual Studio Solution File, Format Version 12.00
# Visual Studio Version 17
VisualStudioVersion = 17.4.33122.133
MinimumVisualStudioVersion = 10.0.40219.1
Project("{9A19103F-16F7-4668-BE54-9A1E7A4F7556}") = "AoC2022_03", "AoC2022_03\AoC2022_03.csproj", "{95171436-B45C-4A41-9C33-DBB03237E2F7}"
EndProject
Project("{9A19103F-16F7-4668-BE54-9A1E7A4F7556}") = "AoC2022_06", "AoC2022_06\AoC2022_06.csproj", "{ECC728AB-4EBA-4406-B00C-6DBFDF8C437E}"
EndProject
Project("{9A19103F-16F7-4668-BE54-9A1E7A4F7556}") = "AoC2022_07", "AoC2022_07\AoC2022_07.csproj", "{8BDC2B40-A3DF-4510-BDA2-4C717E586518}"
EndProject
Project("{9A19103F-16F7-4668-BE54-9A1E7A4F7556}") = "AoC2022_08", "AoC2022_08\AoC2022_08.csproj", "{242A14FA-258D-4F6E-B28E-D81E957FA3C6}"
EndProject
Project("{9A19103F-16F7-4668-BE54-9A1E7A4F7556}") = "AoC2022_09", "AoC2022_09\AoC2022_09.csproj", "{E4CF3E6E-F436-4D27-B07B-71A307261989}"
EndProject
Project("{9A19103F-16F7-4668-BE54-9A1E7A4F7556}") = "AoC.Util", "AoC.Util\AoC.Util.csproj", "{57351500-1658-4198-8C47-79D28663DFB4}"
EndProject
Project("{9A19103F-16F7-4668-BE54-9A1E7A4F7556}") = "AoC2022_10", "AoC2022_10\AoC2022_10.csproj", "{8FB8ABC4-FE7C-4DDE-8F10-6F433407AA1B}"
EndProject
Project("{9A19103F-16F7-4668-BE54-9A1E7A4F7556}") = "AoC2022_01", "AoC2022_01\AoC2022_01.csproj", "{5B6200E6-AF34-49A9-AD5D-7F07B0B49A5D}"
EndProject
Project("{9A19103F-16F7-4668-BE54-9A1E7A4F7556}") = "AoC2022_02", "AoC2022_02\AoC2022_02.csproj", "{C16E8DBB-E7AB-48DE-87E1-0B6E406D93ED}"
EndProject
Project("{9A19103F-16F7-4668-BE54-9A1E7A4F7556}") = "AoC2022_04", "AoC2022_04\AoC2022_04.csproj", "{E5ACAA24-C2D9-4592-83D2-9947429A8AA3}"
EndProject
Project("{9A19103F-16F7-4668-BE54-9A1E7A4F7556}") = "AoC2022_05", "AoC2022_05\AoC2022_05.csproj", "{60846657-8B53-4CD3-8D0D-9E97D02631BC}"
EndProject
Project("{9A19103F-16F7-4668-BE54-9A1E7A4F7556}") = "AoC2022_11", "AoC2022_11\AoC2022_11.csproj", "{EF96CD7B-4776-4783-96AC-8C4E82142140}"
EndProject
Project("{9A19103F-16F7-4668-BE54-9A1E7A4F7556}") = "AoC2022_12", "AoC2022_12\AoC2022_12.csproj", "{40B41148-A486-4736-A15E-0D2653E259F5}"
EndProject
Project("{9A19103F-16F7-4668-BE54-9A1E7A4F7556}") = "AoC2022_13", "AoC2022_13\AoC2022_13.csproj", "{639C503E-26E8-4809-9AF0-666619F34958}"
EndProject
Project("{9A19103F-16F7-4668-BE54-9A1E7A4F7556}") = "AoC2022_14", "AoC2022_14\AoC2022_14.csproj", "{FB4AF81B-52B4-4437-908F-9F6DF3793280}"
EndProject
Project("{9A19103F-16F7-4668-BE54-9A1E7A4F7556}") = "AoC2022_15", "AoC2022_15\AoC2022_15.csproj", "{E7C44981-5BA5-415A-B55E-A37CA61094AF}"
EndProject
Global
	GlobalSection(SolutionConfigurationPlatforms) = preSolution
		Debug|Any CPU = Debug|Any CPU
		Release|Any CPU = Release|Any CPU
	EndGlobalSection
	GlobalSection(ProjectConfigurationPlatforms) = postSolution
		{95171436-B45C-4A41-9C33-DBB03237E2F7}.Debug|Any CPU.ActiveCfg = Debug|Any CPU
		{95171436-B45C-4A41-9C33-DBB03237E2F7}.Debug|Any CPU.Build.0 = Debug|Any CPU
		{95171436-B45C-4A41-9C33-DBB03237E2F7}.Release|Any CPU.ActiveCfg = Release|Any CPU
		{95171436-B45C-4A41-9C33-DBB03237E2F7}.Release|Any CPU.Build.0 = Release|Any CPU
		{ECC728AB-4EBA-4406-B00C-6DBFDF8C437E}.Debug|Any CPU.ActiveCfg = Debug|Any CPU
		{ECC728AB-4EBA-4406-B00C-6DBFDF8C437E}.Debug|Any CPU.Build.0 = Debug|Any CPU
		{ECC728AB-4EBA-4406-B00C-6DBFDF8C437E}.Release|Any CPU.ActiveCfg = Release|Any CPU
		{ECC728AB-4EBA-4406-B00C-6DBFDF8C437E}.Release|Any CPU.Build.0 = Release|Any CPU
		{8BDC2B40-A3DF-4510-BDA2-4C717E586518}.Debug|Any CPU.ActiveCfg = Debug|Any CPU
		{8BDC2B40-A3DF-4510-BDA2-4C717E586518}.Debug|Any CPU.Build.0 = Debug|Any CPU
		{8BDC2B40-A3DF-4510-BDA2-4C717E586518}.Release|Any CPU.ActiveCfg = Release|Any CPU
		{8BDC2B40-A3DF-4510-BDA2-4C717E586518}.Release|Any CPU.Build.0 = Release|Any CPU
		{242A14FA-258D-4F6E-B28E-D81E957FA3C6}.Debug|Any CPU.ActiveCfg = Debug|Any CPU
		{242A14FA-258D-4F6E-B28E-D81E957FA3C6}.Debug|Any CPU.Build.0 = Debug|Any CPU
		{242A14FA-258D-4F6E-B28E-D81E957FA3C6}.Release|Any CPU.ActiveCfg = Release|Any CPU
		{242A14FA-258D-4F6E-B28E-D81E957FA3C6}.Release|Any CPU.Build.0 = Release|Any CPU
		{E4CF3E6E-F436-4D27-B07B-71A307261989}.Debug|Any CPU.ActiveCfg = Debug|Any CPU
		{E4CF3E6E-F436-4D27-B07B-71A307261989}.Debug|Any CPU.Build.0 = Debug|Any CPU
		{E4CF3E6E-F436-4D27-B07B-71A307261989}.Release|Any CPU.ActiveCfg = Release|Any CPU
		{E4CF3E6E-F436-4D27-B07B-71A307261989}.Release|Any CPU.Build.0 = Release|Any CPU
		{57351500-1658-4198-8C47-79D28663DFB4}.Debug|Any CPU.ActiveCfg = Debug|Any CPU
		{57351500-1658-4198-8C47-79D28663DFB4}.Debug|Any CPU.Build.0 = Debug|Any CPU
		{57351500-1658-4198-8C47-79D28663DFB4}.Release|Any CPU.ActiveCfg = Release|Any CPU
		{57351500-1658-4198-8C47-79D28663DFB4}.Release|Any CPU.Build.0 = Release|Any CPU
		{8FB8ABC4-FE7C-4DDE-8F10-6F433407AA1B}.Debug|Any CPU.ActiveCfg = Debug|Any CPU
		{8FB8ABC4-FE7C-4DDE-8F10-6F433407AA1B}.Debug|Any CPU.Build.0 = Debug|Any CPU
		{8FB8ABC4-FE7C-4DDE-8F10-6F433407AA1B}.Release|Any CPU.ActiveCfg = Release|Any CPU
		{8FB8ABC4-FE7C-4DDE-8F10-6F433407AA1B}.Release|Any CPU.Build.0 = Release|Any CPU
		{5B6200E6-AF34-49A9-AD5D-7F07B0B49A5D}.Debug|Any CPU.ActiveCfg = Debug|Any CPU
		{5B6200E6-AF34-49A9-AD5D-7F07B0B49A5D}.Debug|Any CPU.Build.0 = Debug|Any CPU
		{5B6200E6-AF34-49A9-AD5D-7F07B0B49A5D}.Release|Any CPU.ActiveCfg = Release|Any CPU
		{5B6200E6-AF34-49A9-AD5D-7F07B0B49A5D}.Release|Any CPU.Build.0 = Release|Any CPU
		{C16E8DBB-E7AB-48DE-87E1-0B6E406D93ED}.Debug|Any CPU.ActiveCfg = Debug|Any CPU
		{C16E8DBB-E7AB-48DE-87E1-0B6E406D93ED}.Debug|Any CPU.Build.0 = Debug|Any CPU
		{C16E8DBB-E7AB-48DE-87E1-0B6E406D93ED}.Release|Any CPU.ActiveCfg = Release|Any CPU
		{C16E8DBB-E7AB-48DE-87E1-0B6E406D93ED}.Release|Any CPU.Build.0 = Release|Any CPU
		{E5ACAA24-C2D9-4592-83D2-9947429A8AA3}.Debug|Any CPU.ActiveCfg = Debug|Any CPU
		{E5ACAA24-C2D9-4592-83D2-9947429A8AA3}.Debug|Any CPU.Build.0 = Debug|Any CPU
		{E5ACAA24-C2D9-4592-83D2-9947429A8AA3}.Release|Any CPU.ActiveCfg = Release|Any CPU
		{E5ACAA24-C2D9-4592-83D2-9947429A8AA3}.Release|Any CPU.Build.0 = Release|Any CPU
		{60846657-8B53-4CD3-8D0D-9E97D02631BC}.Debug|Any CPU.ActiveCfg = Debug|Any CPU
		{60846657-8B53-4CD3-8D0D-9E97D02631BC}.Debug|Any CPU.Build.0 = Debug|Any CPU
		{60846657-8B53-4CD3-8D0D-9E97D02631BC}.Release|Any CPU.ActiveCfg = Release|Any CPU
		{60846657-8B53-4CD3-8D0D-9E97D02631BC}.Release|Any CPU.Build.0 = Release|Any CPU
		{EF96CD7B-4776-4783-96AC-8C4E82142140}.Debug|Any CPU.ActiveCfg = Debug|Any CPU
		{EF96CD7B-4776-4783-96AC-8C4E82142140}.Debug|Any CPU.Build.0 = Debug|Any CPU
		{EF96CD7B-4776-4783-96AC-8C4E82142140}.Release|Any CPU.ActiveCfg = Release|Any CPU
		{EF96CD7B-4776-4783-96AC-8C4E82142140}.Release|Any CPU.Build.0 = Release|Any CPU
		{40B41148-A486-4736-A15E-0D2653E259F5}.Debug|Any CPU.ActiveCfg = Debug|Any CPU
		{40B41148-A486-4736-A15E-0D2653E259F5}.Debug|Any CPU.Build.0 = Debug|Any CPU
		{40B41148-A486-4736-A15E-0D2653E259F5}.Release|Any CPU.ActiveCfg = Release|Any CPU
		{40B41148-A486-4736-A15E-0D2653E259F5}.Release|Any CPU.Build.0 = Release|Any CPU
		{639C503E-26E8-4809-9AF0-666619F34958}.Debug|Any CPU.ActiveCfg = Debug|Any CPU
		{639C503E-26E8-4809-9AF0-666619F34958}.Debug|Any CPU.Build.0 = Debug|Any CPU
		{639C503E-26E8-4809-9AF0-666619F34958}.Release|Any CPU.ActiveCfg = Release|Any CPU
		{639C503E-26E8-4809-9AF0-666619F34958}.Release|Any CPU.Build.0 = Release|Any CPU
		{FB4AF81B-52B4-4437-908F-9F6DF3793280}.Debug|Any CPU.ActiveCfg = Debug|Any CPU
		{FB4AF81B-52B4-4437-908F-9F6DF3793280}.Debug|Any CPU.Build.0 = Debug|Any CPU
		{FB4AF81B-52B4-4437-908F-9F6DF3793280}.Release|Any CPU.ActiveCfg = Release|Any CPU
		{FB4AF81B-52B4-4437-908F-9F6DF3793280}.Release|Any CPU.Build.0 = Release|Any CPU
		{E7C44981-5BA5-415A-B55E-A37CA61094AF}.Debug|Any CPU.ActiveCfg = Debug|Any CPU
		{E7C44981-5BA5-415A-B55E-A37CA61094AF}.Debug|Any CPU.Build.0 = Debug|Any CPU
		{E7C44981-5BA5-415A-B55E-A37CA61094AF}.Release|Any CPU.ActiveCfg = Release|Any CPU
		{E7C44981-5BA5-415A-B55E-A37CA61094AF}.Release|Any CPU.Build.0 = Release|Any CPU
	EndGlobalSection
	GlobalSection(SolutionProperties) = preSolution
		HideSolutionNode = FALSE
	EndGlobalSection
	GlobalSection(ExtensibilityGlobals) = postSolution
		SolutionGuid = {7C653FC4-77DE-4290-9F9B-053EDBB9FDFB}
	EndGlobalSection
EndGlobal
